PODS:
  - Alamofire (4.4.0)
  - ASHorizontalScrollView (1.5.1)
  - Eureka (4.1.1)
  - SwiftyDrop (4.0.2)
  - SwiftyJSON (3.1.4)

DEPENDENCIES:
  - Alamofire (~> 4.4)
  - ASHorizontalScrollView (~> 1.5.1)
  - Eureka (from `https://github.com/xmartlabs/Eureka.git`)
  - SwiftyDrop (~> 4.0.2)
  - SwiftyJSON (~> 3.1.4)

SPEC REPOS:
  https://github.com/cocoapods/specs.git:
    - Alamofire
    - ASHorizontalScrollView
    - SwiftyDrop
    - SwiftyJSON

EXTERNAL SOURCES:
  Eureka:
    :git: https://github.com/xmartlabs/Eureka.git

CHECKOUT OPTIONS:
  Eureka:
    :commit: 33c8d9ca33d682d1b5b670d96483562e4798c254
    :git: https://github.com/xmartlabs/Eureka.git

SPEC CHECKSUMS:
  Alamofire: dc44b1600b800eb63da6a19039a0083d62a6a62d
  ASHorizontalScrollView: 9c98b9226509540075b6398c92f68fb474bea7e9
  Eureka: b88fb930e42c79f8c03c373d0fcdc28c1d6c50ed
  SwiftyDrop: a497afbcf50f7882ac7637c8308baf07c5ed15e6
  SwiftyJSON: c2842d878f95482ffceec5709abc3d05680c0220

PODFILE CHECKSUM: 91245a6e01ff50b694b4308a5c1b25f6e26880af

COCOAPODS: 1.5.3
